
Microsoft Visual Studio Solution File, Format Version 12.00
# Visual Studio Version 17
VisualStudioVersion = 17.7.34018.315
MinimumVisualStudioVersion = 10.0.40219.1
Project("{FAE04EC0-301F-11D3-BF4B-00C04F79EFBC}") = "Agenda_Ejercicio11", "Agenda_Ejercicio11\Agenda_Ejercicio11.csproj", "{B835AF13-4B54-4A59-952D-10D2A131F6D4}"
EndProject
Project("{FAE04EC0-301F-11D3-BF4B-00C04F79EFBC}") = "BibliotecaPersonas", "BibliotecaPersonas\BibliotecaPersonas.csproj", "{1229AD99-0279-45EB-9729-1A0F04A47FA7}"
EndProject
Global
	GlobalSection(SolutionConfigurationPlatforms) = preSolution
		Debug|Any CPU = Debug|Any CPU
		Release|Any CPU = Release|Any CPU
	EndGlobalSection
	GlobalSection(ProjectConfigurationPlatforms) = postSolution
		{B835AF13-4B54-4A59-952D-10D2A131F6D4}.Debug|Any CPU.ActiveCfg = Debug|Any CPU
		{B835AF13-4B54-4A59-952D-10D2A131F6D4}.Debug|Any CPU.Build.0 = Debug|Any CPU
		{B835AF13-4B54-4A59-952D-10D2A131F6D4}.Release|Any CPU.ActiveCfg = Release|Any CPU
		{B835AF13-4B54-4A59-952D-10D2A131F6D4}.Release|Any CPU.Build.0 = Release|Any CPU
		{1229AD99-0279-45EB-9729-1A0F04A47FA7}.Debug|Any CPU.ActiveCfg = Debug|Any CPU
		{1229AD99-0279-45EB-9729-1A0F04A47FA7}.Debug|Any CPU.Build.0 = Debug|Any CPU
		{1229AD99-0279-45EB-9729-1A0F04A47FA7}.Release|Any CPU.ActiveCfg = Release|Any CPU
		{1229AD99-0279-45EB-9729-1A0F04A47FA7}.Release|Any CPU.Build.0 = Release|Any CPU
	EndGlobalSection
	GlobalSection(SolutionProperties) = preSolution
		HideSolutionNode = FALSE
	EndGlobalSection
	GlobalSection(ExtensibilityGlobals) = postSolution
		SolutionGuid = {588CF6E5-F34A-47E0-92D0-77B0156EE82A}
	EndGlobalSection
EndGlobal
